{
  "object": {
    "pins": [
      {
        "package": "Clang_C",
        "repositoryURL": "https://github.com/norio-nomura/Clang_C.git",
        "state": {
          "branch": null,
          "revision": "90a9574276f0fd17f02f58979423c3fd4d73b59e",
          "version": "1.0.2"
        }
      },
      {
        "package": "Commandant",
        "repositoryURL": "https://github.com/Carthage/Commandant.git",
        "state": {
          "branch": null,
          "revision": "c281992c31c3f41c48b5036c5a38185eaec32626",
          "version": "0.12.0"
        }
      },
      {
        "package": "MarkdownGenerator",
        "repositoryURL": "https://github.com/eneko/MarkdownGenerator.git",
        "state": {
          "branch": "master",
          "revision": "65c2df38af10dfa708789836494f4f10653132e0",
          "version": null
        }
      },
      {
        "package": "Rainbow",
        "repositoryURL": "https://github.com/onevcat/Rainbow",
        "state": {
          "branch": null,
          "revision": "dfe579abc72347618e0ffde4faa36fa085c5f3bc",
          "version": "3.0.0"
        }
      },
      {
        "package": "Result",
        "repositoryURL": "https://github.com/antitypical/Result.git",
        "state": {
          "branch": null,
          "revision": "7477584259bfce2560a19e06ad9f71db441fff11",
          "version": "3.2.4"
        }
      },
      {
        "package": "SWXMLHash",
        "repositoryURL": "https://github.com/drmohundro/SWXMLHash.git",
        "state": {
          "branch": null,
          "revision": "49dee5d3c448685ca3f511792f5b679423d36475",
          "version": "4.2.3"
        }
      },
      {
        "package": "SourceKit",
        "repositoryURL": "https://github.com/norio-nomura/SourceKit.git",
        "state": {
          "branch": null,
          "revision": "18eaa67ca44443bbe39646916792b9f0c98dbaa1",
          "version": "1.0.1"
        }
      },
      {
        "package": "SourceKitten",
        "repositoryURL": "https://github.com/jpsim/SourceKitten.git",
        "state": {
          "branch": null,
          "revision": "7c4c6d8194389493f841b75fafa8c29b274c7ea6",
          "version": "0.18.1"
        }
      },
      {
        "package": "Yams",
        "repositoryURL": "https://github.com/jpsim/Yams.git",
        "state": {
          "branch": null,
          "revision": "05921531200acff0d8d9caab5ec77b2bcf300b6b",
          "version": "0.3.7"
        }
      }
    ]
  },
  "version": 1
}
